github.com/j0hax/ehrlich v0.0.0-20251226155916-c77f03856182 h1:3LT8B0uYdZuAa7Ie8mM8VgjnV5o2Wp/BLGf5vQ976VE=
github.com/j0hax/ehrlich v0.0.0-20251226155916-c77f03856182/go.mod h1:WZPlQWCqdgJeJbwuu/JtNeYIoa2CPEAV9QcS53WXmqQ=
github.com/j0hax/ehrlich v0.0.0-20251226160510-b452f6a6fa90 h1:2kT+W8xdfV9Tq43nxE784JkA6Yjki7v+bmdgBjwHRrY=
github.com/j0hax/ehrlich v0.0.0-20251226160510-b452f6a6fa90/go.mod h1:WZPlQWCqdgJeJbwuu/JtNeYIoa2CPEAV9QcS53WXmqQ=
github.com/j0hax/ehrlich v0.0.0-20251226164956-21932ac2022a h1:D6HpVn2QZogfuJYXlYFixchs/AxuNGxZSx7l4ElUoOw=
github.com/j0hax/ehrlich v0.0.0-20251226164956-21932ac2022a/go.mod h1:WZPlQWCqdgJeJbwuu/JtNeYIoa2CPEAV9QcS53WXmqQ=
